// !$*UTF8*$!
{
	archiveVersion = 1;
	classes = {
	};
	objectVersion = 56;
	objects = {

/* Begin PBXBuildFile section */
		65362D5A29C1037600507CCE /* LoginController.swift in Sources */ = {isa = PBXBuildFile; fileRef = 65362D5929C1037600507CCE /* LoginController.swift */; };
		65362D5C29C115A100507CCE /* TabViewController.swift in Sources */ = {isa = PBXBuildFile; fileRef = 65362D5B29C115A100507CCE /* TabViewController.swift */; };
		65362D5E29C1512600507CCE /* Profile+Enums.swift in Sources */ = {isa = PBXBuildFile; fileRef = 65362D5D29C1512600507CCE /* Profile+Enums.swift */; };
		65362D6029C1526900507CCE /* EditProfilePictureTableViewCell.swift in Sources */ = {isa = PBXBuildFile; fileRef = 65362D5F29C1526900507CCE /* EditProfilePictureTableViewCell.swift */; };
		653A0E5F29BCFE8200C8F308 /* SignInWithGoogleButton.swift in Sources */ = {isa = PBXBuildFile; fileRef = 653A0E5E29BCFE8200C8F308 /* SignInWithGoogleButton.swift */; };
		65478ADD29BE6FB100861A63 /* EditEmailTableViewCell.swift in Sources */ = {isa = PBXBuildFile; fileRef = 65478ADC29BE6FB100861A63 /* EditEmailTableViewCell.swift */; };
		65478ADF29BE8B4400861A63 /* EditNameTableViewCell.swift in Sources */ = {isa = PBXBuildFile; fileRef = 65478ADE29BE8B4400861A63 /* EditNameTableViewCell.swift */; };
		654DEABF297F5E8C001565A3 /* Extension.swift in Sources */ = {isa = PBXBuildFile; fileRef = 654DEABE297F5E8C001565A3 /* Extension.swift */; };
		654DEAC52980FAB5001565A3 /* MadeWithLoveFooterView.swift in Sources */ = {isa = PBXBuildFile; fileRef = 654DEAC42980FAB5001565A3 /* MadeWithLoveFooterView.swift */; };
		654DEACA2981B006001565A3 /* AppSettingTableViewController.swift in Sources */ = {isa = PBXBuildFile; fileRef = 654DEAC92981B006001565A3 /* AppSettingTableViewController.swift */; };
		654DEAD22981BF6D001565A3 /* EditProfileTableViewController.swift in Sources */ = {isa = PBXBuildFile; fileRef = 654DEAD12981BF6D001565A3 /* EditProfileTableViewController.swift */; };
		654DEAD82981CB3F001565A3 /* PopoverButtonTableViewCell.swift in Sources */ = {isa = PBXBuildFile; fileRef = 654DEAD72981CB3F001565A3 /* PopoverButtonTableViewCell.swift */; };
		654DEADA2981D8B0001565A3 /* NotificationSettingsTableViewController.swift in Sources */ = {isa = PBXBuildFile; fileRef = 654DEAD92981D8B0001565A3 /* NotificationSettingsTableViewController.swift */; };
		654DEADC2981EE2A001565A3 /* SettingTableViewCell.swift in Sources */ = {isa = PBXBuildFile; fileRef = 654DEADB2981EE2A001565A3 /* SettingTableViewCell.swift */; };
		654DEADE2981F8C9001565A3 /* ProfileTableViewCell.swift in Sources */ = {isa = PBXBuildFile; fileRef = 654DEADD2981F8C9001565A3 /* ProfileTableViewCell.swift */; };
		654DEAE029820806001565A3 /* Profile.swift in Sources */ = {isa = PBXBuildFile; fileRef = 654DEADF29820806001565A3 /* Profile.swift */; };
		654DEAE429824134001565A3 /* SessionTableViewCell.swift in Sources */ = {isa = PBXBuildFile; fileRef = 654DEAE329824134001565A3 /* SessionTableViewCell.swift */; };
		654DEAE82983933C001565A3 /* LoginViewController.swift in Sources */ = {isa = PBXBuildFile; fileRef = 654DEAE72983933C001565A3 /* LoginViewController.swift */; };
		654F224929FE373100D1C96E /* CreateUserProfilePictureUploadUrl.graphql in Resources */ = {isa = PBXBuildFile; fileRef = 654F224829FE373100D1C96E /* CreateUserProfilePictureUploadUrl.graphql */; };
		654F224B29FE374B00D1C96E /* CreateRunRecordUploadUrl.graphql in Resources */ = {isa = PBXBuildFile; fileRef = 654F224A29FE374B00D1C96E /* CreateRunRecordUploadUrl.graphql */; };
		654F224D29FE37C400D1C96E /* apollo-codegen-config.json in Resources */ = {isa = PBXBuildFile; fileRef = 654F224C29FE37C400D1C96E /* apollo-codegen-config.json */; };
		654F224F29FE397E00D1C96E /* schema.graphql in Resources */ = {isa = PBXBuildFile; fileRef = 654F224E29FE397E00D1C96E /* schema.graphql */; };
		654F227029FE3A1600D1C96E /* ApolloLynxClient.swift in Sources */ = {isa = PBXBuildFile; fileRef = 654F226F29FE3A1600D1C96E /* ApolloLynxClient.swift */; };
		654F227229FE3FE900D1C96E /* LoginOrCreateUser.graphql in Resources */ = {isa = PBXBuildFile; fileRef = 654F227129FE3FE900D1C96E /* LoginOrCreateUser.graphql */; };
		654F229C29FE486700D1C96E /* UserManagementInterceptor.swift in Sources */ = {isa = PBXBuildFile; fileRef = 654F229B29FE486700D1C96E /* UserManagementInterceptor.swift */; };
		654F229E29FEFB1E00D1C96E /* NetworkInterceptorProvider.swift in Sources */ = {isa = PBXBuildFile; fileRef = 654F229D29FEFB1E00D1C96E /* NetworkInterceptorProvider.swift */; };
		654F22A029FEFB7100D1C96E /* RequestLoggingInterceptor.swift in Sources */ = {isa = PBXBuildFile; fileRef = 654F229F29FEFB7100D1C96E /* RequestLoggingInterceptor.swift */; };
		654F22A229FF009300D1C96E /* ResponseLoggingInterceptor.swift in Sources */ = {isa = PBXBuildFile; fileRef = 654F22A129FF009300D1C96E /* ResponseLoggingInterceptor.swift */; };
		654F22A429FF1B5000D1C96E /* UserManager.swift in Sources */ = {isa = PBXBuildFile; fileRef = 654F22A329FF1B5000D1C96E /* UserManager.swift */; };
		654F22A629FF232300D1C96E /* UserError.swift in Sources */ = {isa = PBXBuildFile; fileRef = 654F22A529FF232300D1C96E /* UserError.swift */; };
		654F4C7A2A3CE91E00E0614C /* LogbookStats.swift in Sources */ = {isa = PBXBuildFile; fileRef = 654F4C792A3CE91E00E0614C /* LogbookStats.swift */; };
		6566A0BD29D3EC2B008B7E57 /* ProfilePictureUtils.swift in Sources */ = {isa = PBXBuildFile; fileRef = 6566A0BC29D3EC2B008B7E57 /* ProfilePictureUtils.swift */; };
		6568EE0E2A3FB1A500601759 /* LifetimeSummaryViewController.swift in Sources */ = {isa = PBXBuildFile; fileRef = 6568EE0D2A3FB1A500601759 /* LifetimeSummaryViewController.swift */; };
		656FE8732A552941001B2C67 /* MergeAccountsViewController.swift in Sources */ = {isa = PBXBuildFile; fileRef = 656FE8722A552941001B2C67 /* MergeAccountsViewController.swift */; };
		656FE8752A553A42001B2C67 /* MergeAccounts.graphql in Resources */ = {isa = PBXBuildFile; fileRef = 656FE8742A553A42001B2C67 /* MergeAccounts.graphql */; };
		657392262A47798600981775 /* InvitationKeySheetViewController.swift in Sources */ = {isa = PBXBuildFile; fileRef = 657392252A47798600981775 /* InvitationKeySheetViewController.swift */; };
		657392C02A4FE7A500981775 /* InvitationKeyInputUIView.swift in Sources */ = {isa = PBXBuildFile; fileRef = 657392BF2A4FE7A500981775 /* InvitationKeyInputUIView.swift */; };
		657392C22A4FE7C800981775 /* InvitationKeyDashesUIView.swift in Sources */ = {isa = PBXBuildFile; fileRef = 657392C12A4FE7C800981775 /* InvitationKeyDashesUIView.swift */; };
		657393312A51EADB00981775 /* FolderConnectionViewController.swift in Sources */ = {isa = PBXBuildFile; fileRef = 657393302A51EADB00981775 /* FolderConnectionViewController.swift */; };
		657393332A51FDE300981775 /* FolderConnectionViewController+DocumentPicker.swift in Sources */ = {isa = PBXBuildFile; fileRef = 657393322A51FDE300981775 /* FolderConnectionViewController+DocumentPicker.swift */; };
		657393362A51FE4100981775 /* FolderConnectionViewController+Errors.swift in Sources */ = {isa = PBXBuildFile; fileRef = 657393352A51FE4100981775 /* FolderConnectionViewController+Errors.swift */; };
		657473D32A54E81200B776E2 /* DeleteAccountViewController.swift in Sources */ = {isa = PBXBuildFile; fileRef = 657473D22A54E81200B776E2 /* DeleteAccountViewController.swift */; };
		659A9F7E2A414BA600DC6006 /* GetLogs.graphql in Resources */ = {isa = PBXBuildFile; fileRef = 659A9F7B2A414BA600DC6006 /* GetLogs.graphql */; };
		659A9F832A414C2E00DC6006 /* GetProfileInformation.graphql in Resources */ = {isa = PBXBuildFile; fileRef = 659A9F822A414C2E00DC6006 /* GetProfileInformation.graphql */; };
		659A9F852A414C7800DC6006 /* EditUser.graphql in Resources */ = {isa = PBXBuildFile; fileRef = 659A9F842A414C7800DC6006 /* EditUser.graphql */; };
		659A9F892A414D2100DC6006 /* GetUploadedLogs.graphql in Resources */ = {isa = PBXBuildFile; fileRef = 659A9F882A414D2100DC6006 /* GetUploadedLogs.graphql */; };
		659A9FE72A42B83600DC6006 /* BookmarkManager.swift in Sources */ = {isa = PBXBuildFile; fileRef = 659A9FE62A42B83600DC6006 /* BookmarkManager.swift */; };
		659C5CF32A537A0800E21CD7 /* AutoUploadFileLabel.swift in Sources */ = {isa = PBXBuildFile; fileRef = 659C5CF22A537A0800E21CD7 /* AutoUploadFileLabel.swift */; };
		65A370DC297E594500E1D851 /* AppDelegate.swift in Sources */ = {isa = PBXBuildFile; fileRef = 65A370DB297E594500E1D851 /* AppDelegate.swift */; };
		65A370DE297E594500E1D851 /* SceneDelegate.swift in Sources */ = {isa = PBXBuildFile; fileRef = 65A370DD297E594500E1D851 /* SceneDelegate.swift */; };
		65A370E3297E594500E1D851 /* Main.storyboard in Resources */ = {isa = PBXBuildFile; fileRef = 65A370E1297E594500E1D851 /* Main.storyboard */; };
		65A370E5297E594600E1D851 /* Assets.xcassets in Resources */ = {isa = PBXBuildFile; fileRef = 65A370E4297E594600E1D851 /* Assets.xcassets */; };
		65A370E8297E594600E1D851 /* LaunchScreen.storyboard in Resources */ = {isa = PBXBuildFile; fileRef = 65A370E6297E594600E1D851 /* LaunchScreen.storyboard */; };
		65A370F0297E5D1200E1D851 /* AccountViewController.swift in Sources */ = {isa = PBXBuildFile; fileRef = 65A370EF297E5D1200E1D851 /* AccountViewController.swift */; };
		65A370F3297E5DCD00E1D851 /* Setting.swift in Sources */ = {isa = PBXBuildFile; fileRef = 65A370F2297E5DCD00E1D851 /* Setting.swift */; };
		65A370F7297E6B5800E1D851 /* Support.swift in Sources */ = {isa = PBXBuildFile; fileRef = 65A370F6297E6B5800E1D851 /* Support.swift */; };
		65A370F9297E6B6F00E1D851 /* Constants.swift in Sources */ = {isa = PBXBuildFile; fileRef = 65A370F8297E6B6F00E1D851 /* Constants.swift */; };
		65A4B81B2A58960300BC2299 /* GoogleSignIn in Frameworks */ = {isa = PBXBuildFile; productRef = 65A4B81A2A58960300BC2299 /* GoogleSignIn */; };
		65A4B81D2A58960300BC2299 /* GoogleSignInSwift in Frameworks */ = {isa = PBXBuildFile; productRef = 65A4B81C2A58960300BC2299 /* GoogleSignInSwift */; };
		65A4B8202A58961600BC2299 /* CropViewController in Frameworks */ = {isa = PBXBuildFile; productRef = 65A4B81F2A58961600BC2299 /* CropViewController */; };
		65A4B8222A58961600BC2299 /* TOCropViewController in Frameworks */ = {isa = PBXBuildFile; productRef = 65A4B8212A58961600BC2299 /* TOCropViewController */; };
		65A4B8252A58966600BC2299 /* Apollo in Frameworks */ = {isa = PBXBuildFile; productRef = 65A4B8242A58966600BC2299 /* Apollo */; };
		65AF9FF6297F355500DC59C3 /* LogbookViewController.swift in Sources */ = {isa = PBXBuildFile; fileRef = 65AF9FF5297F355500DC59C3 /* LogbookViewController.swift */; };
		65AFF4E929D163E200C0F8C0 /* UserDefaultsKeys.swift in Sources */ = {isa = PBXBuildFile; fileRef = 65AFF4E829D163E200C0F8C0 /* UserDefaultsKeys.swift */; };
		65BA301229D0E45D00A6D1BF /* NetworkManager.swift in Sources */ = {isa = PBXBuildFile; fileRef = 65BA301129D0E45D00A6D1BF /* NetworkManager.swift */; };
		65D43AB82A400B590053C215 /* StatsTableViewCell.swift in Sources */ = {isa = PBXBuildFile; fileRef = 65D43AB72A400B590053C215 /* StatsTableViewCell.swift */; };
		65F791AD2A626B7D000E997C /* LeaderboardViewController.swift in Sources */ = {isa = PBXBuildFile; fileRef = 65F791AC2A626B7D000E997C /* LeaderboardViewController.swift */; };
		65F791AF2A626E39000E997C /* LeaderboardViewController+Enums.swift in Sources */ = {isa = PBXBuildFile; fileRef = 65F791AE2A626E39000E997C /* LeaderboardViewController+Enums.swift */; };
		65F791B12A626EB9000E997C /* LeaderboardTableViewCell.swift in Sources */ = {isa = PBXBuildFile; fileRef = 65F791B02A626EB9000E997C /* LeaderboardTableViewCell.swift */; };
		65F792392A64820B000E997C /* LeaderboardModels.swift in Sources */ = {isa = PBXBuildFile; fileRef = 65F792382A64820B000E997C /* LeaderboardModels.swift */; };
		65F792812A65924A000E997C /* DefautLeaderboardTableViewCell.swift in Sources */ = {isa = PBXBuildFile; fileRef = 65F792802A65924A000E997C /* DefautLeaderboardTableViewCell.swift */; };
		65F792832A659FC4000E997C /* ShowAllLeadersTableViewCell.swift in Sources */ = {isa = PBXBuildFile; fileRef = 65F792822A659FC4000E997C /* ShowAllLeadersTableViewCell.swift */; };
		65F792862A65A142000E997C /* AllLeadersViewController.swift in Sources */ = {isa = PBXBuildFile; fileRef = 65F792852A65A142000E997C /* AllLeadersViewController.swift */; };
		65F7949B2A6C0952000E997C /* LeaderboardFields.graphql.swift in Sources */ = {isa = PBXBuildFile; fileRef = 65F794732A6C0952000E997C /* LeaderboardFields.graphql.swift */; };
		65F7949C2A6C0952000E997C /* CombineOAuthAccountsMutation.graphql.swift in Sources */ = {isa = PBXBuildFile; fileRef = 65F794762A6C0952000E997C /* CombineOAuthAccountsMutation.graphql.swift */; };
		65F7949D2A6C0952000E997C /* DeleteAccountMutation.graphql.swift in Sources */ = {isa = PBXBuildFile; fileRef = 65F794772A6C0952000E997C /* DeleteAccountMutation.graphql.swift */; };
		65F7949E2A6C0952000E997C /* LoginOrCreateUserMutation.graphql.swift in Sources */ = {isa = PBXBuildFile; fileRef = 65F794782A6C0952000E997C /* LoginOrCreateUserMutation.graphql.swift */; };
		65F7949F2A6C0952000E997C /* EditUserMutation.graphql.swift in Sources */ = {isa = PBXBuildFile; fileRef = 65F794792A6C0952000E997C /* EditUserMutation.graphql.swift */; };
		65F794A02A6C0952000E997C /* CreateInviteKeyMutation.graphql.swift in Sources */ = {isa = PBXBuildFile; fileRef = 65F7947A2A6C0952000E997C /* CreateInviteKeyMutation.graphql.swift */; };
		65F794A12A6C0952000E997C /* CreateUserProfilePictureUploadUrlMutation.graphql.swift in Sources */ = {isa = PBXBuildFile; fileRef = 65F7947B2A6C0952000E997C /* CreateUserProfilePictureUploadUrlMutation.graphql.swift */; };
		65F794A22A6C0952000E997C /* CreateRunRecordUploadUrlMutation.graphql.swift in Sources */ = {isa = PBXBuildFile; fileRef = 65F7947C2A6C0952000E997C /* CreateRunRecordUploadUrlMutation.graphql.swift */; };
		65F794A32A6C0952000E997C /* SubmitInviteKeyMutation.graphql.swift in Sources */ = {isa = PBXBuildFile; fileRef = 65F7947D2A6C0952000E997C /* SubmitInviteKeyMutation.graphql.swift */; };
		65F794A42A6C0952000E997C /* GetUploadedLogsQuery.graphql.swift in Sources */ = {isa = PBXBuildFile; fileRef = 65F7947F2A6C0952000E997C /* GetUploadedLogsQuery.graphql.swift */; };
		65F794A52A6C0952000E997C /* GetLogsQuery.graphql.swift in Sources */ = {isa = PBXBuildFile; fileRef = 65F794802A6C0952000E997C /* GetLogsQuery.graphql.swift */; };
		65F794A62A6C0952000E997C /* GetProfileInformationQuery.graphql.swift in Sources */ = {isa = PBXBuildFile; fileRef = 65F794812A6C0952000E997C /* GetProfileInformationQuery.graphql.swift */; };
		65F794A72A6C0952000E997C /* GetSelectedLeaderboardQuery.graphql.swift in Sources */ = {isa = PBXBuildFile; fileRef = 65F794822A6C0952000E997C /* GetSelectedLeaderboardQuery.graphql.swift */; };
		65F794A82A6C0952000E997C /* GetAllLeaderboardsQuery.graphql.swift in Sources */ = {isa = PBXBuildFile; fileRef = 65F794832A6C0952000E997C /* GetAllLeaderboardsQuery.graphql.swift */; };
		65F794A92A6C0952000E997C /* GetOAuthLoginsQuery.graphql.swift in Sources */ = {isa = PBXBuildFile; fileRef = 65F794842A6C0952000E997C /* GetOAuthLoginsQuery.graphql.swift */; };
		65F794AA2A6C0952000E997C /* OAuthType.graphql.swift in Sources */ = {isa = PBXBuildFile; fileRef = 65F794872A6C0952000E997C /* OAuthType.graphql.swift */; };
		65F794AB2A6C0952000E997C /* MeasurementSystem.graphql.swift in Sources */ = {isa = PBXBuildFile; fileRef = 65F794882A6C0952000E997C /* MeasurementSystem.graphql.swift */; };
		65F794AC2A6C0952000E997C /* LeaderboardSort.graphql.swift in Sources */ = {isa = PBXBuildFile; fileRef = 65F794892A6C0952000E997C /* LeaderboardSort.graphql.swift */; };
		65F794AD2A6C0952000E997C /* LogDetailType.graphql.swift in Sources */ = {isa = PBXBuildFile; fileRef = 65F7948A2A6C0952000E997C /* LogDetailType.graphql.swift */; };
		65F794AE2A6C0952000E997C /* User.graphql.swift in Sources */ = {isa = PBXBuildFile; fileRef = 65F7948C2A6C0952000E997C /* User.graphql.swift */; };
		65F794AF2A6C0952000E997C /* Log.graphql.swift in Sources */ = {isa = PBXBuildFile; fileRef = 65F7948D2A6C0952000E997C /* Log.graphql.swift */; };
		65F794B02A6C0952000E997C /* Mutation.graphql.swift in Sources */ = {isa = PBXBuildFile; fileRef = 65F7948E2A6C0952000E997C /* Mutation.graphql.swift */; };
		65F794B12A6C0952000E997C /* OAuthTypeCorrelation.graphql.swift in Sources */ = {isa = PBXBuildFile; fileRef = 65F7948F2A6C0952000E997C /* OAuthTypeCorrelation.graphql.swift */; };
		65F794B22A6C0952000E997C /* Query.graphql.swift in Sources */ = {isa = PBXBuildFile; fileRef = 65F794902A6C0952000E997C /* Query.graphql.swift */; };
		65F794B32A6C0952000E997C /* LogDetail.graphql.swift in Sources */ = {isa = PBXBuildFile; fileRef = 65F794912A6C0952000E997C /* LogDetail.graphql.swift */; };
		65F794B42A6C0952000E997C /* AuthorizationToken.graphql.swift in Sources */ = {isa = PBXBuildFile; fileRef = 65F794922A6C0952000E997C /* AuthorizationToken.graphql.swift */; };
		65F794B52A6C0952000E997C /* SchemaConfiguration.swift in Sources */ = {isa = PBXBuildFile; fileRef = 65F794932A6C0952000E997C /* SchemaConfiguration.swift */; };
		65F794B62A6C0952000E997C /* OAuthTypeCorrelationInput.graphql.swift in Sources */ = {isa = PBXBuildFile; fileRef = 65F794952A6C0952000E997C /* OAuthTypeCorrelationInput.graphql.swift */; };
		65F794B72A6C0952000E997C /* DeleteUserOptions.graphql.swift in Sources */ = {isa = PBXBuildFile; fileRef = 65F794962A6C0952000E997C /* DeleteUserOptions.graphql.swift */; };
		65F794B82A6C0952000E997C /* UserDataPair.graphql.swift in Sources */ = {isa = PBXBuildFile; fileRef = 65F794972A6C0952000E997C /* UserDataPair.graphql.swift */; };
		65F794B92A6C0952000E997C /* InvalidateTokenOption.graphql.swift in Sources */ = {isa = PBXBuildFile; fileRef = 65F794982A6C0952000E997C /* InvalidateTokenOption.graphql.swift */; };
		65F794BA2A6C0952000E997C /* SchemaMetadata.graphql.swift in Sources */ = {isa = PBXBuildFile; fileRef = 65F794992A6C0952000E997C /* SchemaMetadata.graphql.swift */; };
		65F794BB2A6C0952000E997C /* ApolloGeneratedGraphQL.graphql.swift in Sources */ = {isa = PBXBuildFile; fileRef = 65F7949A2A6C0952000E997C /* ApolloGeneratedGraphQL.graphql.swift */; };
/* End PBXBuildFile section */

/* Begin PBXFileReference section */
		6517ADA52A57DCE80067C094 /* Lynx.entitlements */ = {isa = PBXFileReference; lastKnownFileType = text.plist.entitlements; path = Lynx.entitlements; sourceTree = "<group>"; };
		6517ADA92A57DF200067C094 /* Info.plist */ = {isa = PBXFileReference; lastKnownFileType = text.plist.xml; path = Info.plist; sourceTree = "<group>"; };
		65362D5929C1037600507CCE /* LoginController.swift */ = {isa = PBXFileReference; lastKnownFileType = sourcecode.swift; path = LoginController.swift; sourceTree = "<group>"; };
		65362D5B29C115A100507CCE /* TabViewController.swift */ = {isa = PBXFileReference; lastKnownFileType = sourcecode.swift; path = TabViewController.swift; sourceTree = "<group>"; };
		65362D5D29C1512600507CCE /* Profile+Enums.swift */ = {isa = PBXFileReference; lastKnownFileType = sourcecode.swift; path = "Profile+Enums.swift"; sourceTree = "<group>"; };
		65362D5F29C1526900507CCE /* EditProfilePictureTableViewCell.swift */ = {isa = PBXFileReference; lastKnownFileType = sourcecode.swift; path = EditProfilePictureTableViewCell.swift; sourceTree = "<group>"; };
		653A0E5E29BCFE8200C8F308 /* SignInWithGoogleButton.swift */ = {isa = PBXFileReference; lastKnownFileType = sourcecode.swift; path = SignInWithGoogleButton.swift; sourceTree = "<group>"; };
		65478ADC29BE6FB100861A63 /* EditEmailTableViewCell.swift */ = {isa = PBXFileReference; lastKnownFileType = sourcecode.swift; path = EditEmailTableViewCell.swift; sourceTree = "<group>"; };
		65478ADE29BE8B4400861A63 /* EditNameTableViewCell.swift */ = {isa = PBXFileReference; lastKnownFileType = sourcecode.swift; path = EditNameTableViewCell.swift; sourceTree = "<group>"; };
		654DEABE297F5E8C001565A3 /* Extension.swift */ = {isa = PBXFileReference; lastKnownFileType = sourcecode.swift; path = Extension.swift; sourceTree = "<group>"; };
		654DEAC42980FAB5001565A3 /* MadeWithLoveFooterView.swift */ = {isa = PBXFileReference; lastKnownFileType = sourcecode.swift; path = MadeWithLoveFooterView.swift; sourceTree = "<group>"; };
		654DEAC92981B006001565A3 /* AppSettingTableViewController.swift */ = {isa = PBXFileReference; lastKnownFileType = sourcecode.swift; path = AppSettingTableViewController.swift; sourceTree = "<group>"; };
		654DEAD12981BF6D001565A3 /* EditProfileTableViewController.swift */ = {isa = PBXFileReference; lastKnownFileType = sourcecode.swift; path = EditProfileTableViewController.swift; sourceTree = "<group>"; };
		654DEAD72981CB3F001565A3 /* PopoverButtonTableViewCell.swift */ = {isa = PBXFileReference; lastKnownFileType = sourcecode.swift; path = PopoverButtonTableViewCell.swift; sourceTree = "<group>"; };
		654DEAD92981D8B0001565A3 /* NotificationSettingsTableViewController.swift */ = {isa = PBXFileReference; lastKnownFileType = sourcecode.swift; path = NotificationSettingsTableViewController.swift; sourceTree = "<group>"; };
		654DEADB2981EE2A001565A3 /* SettingTableViewCell.swift */ = {isa = PBXFileReference; lastKnownFileType = sourcecode.swift; path = SettingTableViewCell.swift; sourceTree = "<group>"; };
		654DEADD2981F8C9001565A3 /* ProfileTableViewCell.swift */ = {isa = PBXFileReference; lastKnownFileType = sourcecode.swift; path = ProfileTableViewCell.swift; sourceTree = "<group>"; };
		654DEADF29820806001565A3 /* Profile.swift */ = {isa = PBXFileReference; lastKnownFileType = sourcecode.swift; path = Profile.swift; sourceTree = "<group>"; };
		654DEAE329824134001565A3 /* SessionTableViewCell.swift */ = {isa = PBXFileReference; lastKnownFileType = sourcecode.swift; path = SessionTableViewCell.swift; sourceTree = "<group>"; };
		654DEAE72983933C001565A3 /* LoginViewController.swift */ = {isa = PBXFileReference; lastKnownFileType = sourcecode.swift; path = LoginViewController.swift; sourceTree = "<group>"; };
		654F224829FE373100D1C96E /* CreateUserProfilePictureUploadUrl.graphql */ = {isa = PBXFileReference; lastKnownFileType = text; path = CreateUserProfilePictureUploadUrl.graphql; sourceTree = "<group>"; };
		654F224A29FE374B00D1C96E /* CreateRunRecordUploadUrl.graphql */ = {isa = PBXFileReference; lastKnownFileType = text; path = CreateRunRecordUploadUrl.graphql; sourceTree = "<group>"; };
		654F224C29FE37C400D1C96E /* apollo-codegen-config.json */ = {isa = PBXFileReference; fileEncoding = 4; lastKnownFileType = text.json; path = "apollo-codegen-config.json"; sourceTree = "<group>"; };
		654F224E29FE397E00D1C96E /* schema.graphql */ = {isa = PBXFileReference; fileEncoding = 4; lastKnownFileType = text; path = schema.graphql; sourceTree = "<group>"; };
		654F226F29FE3A1600D1C96E /* ApolloLynxClient.swift */ = {isa = PBXFileReference; lastKnownFileType = sourcecode.swift; path = ApolloLynxClient.swift; sourceTree = "<group>"; };
		654F227129FE3FE900D1C96E /* LoginOrCreateUser.graphql */ = {isa = PBXFileReference; lastKnownFileType = text; path = LoginOrCreateUser.graphql; sourceTree = "<group>"; };
		654F229B29FE486700D1C96E /* UserManagementInterceptor.swift */ = {isa = PBXFileReference; lastKnownFileType = sourcecode.swift; path = UserManagementInterceptor.swift; sourceTree = "<group>"; };
		654F229D29FEFB1E00D1C96E /* NetworkInterceptorProvider.swift */ = {isa = PBXFileReference; lastKnownFileType = sourcecode.swift; path = NetworkInterceptorProvider.swift; sourceTree = "<group>"; };
		654F229F29FEFB7100D1C96E /* RequestLoggingInterceptor.swift */ = {isa = PBXFileReference; lastKnownFileType = sourcecode.swift; path = RequestLoggingInterceptor.swift; sourceTree = "<group>"; };
		654F22A129FF009300D1C96E /* ResponseLoggingInterceptor.swift */ = {isa = PBXFileReference; lastKnownFileType = sourcecode.swift; path = ResponseLoggingInterceptor.swift; sourceTree = "<group>"; };
		654F22A329FF1B5000D1C96E /* UserManager.swift */ = {isa = PBXFileReference; lastKnownFileType = sourcecode.swift; path = UserManager.swift; sourceTree = "<group>"; };
		654F22A529FF232300D1C96E /* UserError.swift */ = {isa = PBXFileReference; lastKnownFileType = sourcecode.swift; path = UserError.swift; sourceTree = "<group>"; };
		654F4C792A3CE91E00E0614C /* LogbookStats.swift */ = {isa = PBXFileReference; lastKnownFileType = sourcecode.swift; path = LogbookStats.swift; sourceTree = "<group>"; };
		6566A0BC29D3EC2B008B7E57 /* ProfilePictureUtils.swift */ = {isa = PBXFileReference; lastKnownFileType = sourcecode.swift; path = ProfilePictureUtils.swift; sourceTree = "<group>"; };
		6568EE0D2A3FB1A500601759 /* LifetimeSummaryViewController.swift */ = {isa = PBXFileReference; lastKnownFileType = sourcecode.swift; path = LifetimeSummaryViewController.swift; sourceTree = "<group>"; };
		656FE8722A552941001B2C67 /* MergeAccountsViewController.swift */ = {isa = PBXFileReference; lastKnownFileType = sourcecode.swift; path = MergeAccountsViewController.swift; sourceTree = "<group>"; };
		656FE8742A553A42001B2C67 /* MergeAccounts.graphql */ = {isa = PBXFileReference; fileEncoding = 4; lastKnownFileType = text; path = MergeAccounts.graphql; sourceTree = "<group>"; };
		657392252A47798600981775 /* InvitationKeySheetViewController.swift */ = {isa = PBXFileReference; lastKnownFileType = sourcecode.swift; path = InvitationKeySheetViewController.swift; sourceTree = "<group>"; };
		657392552A4B376D00981775 /* SubmitInviteKey.graphql */ = {isa = PBXFileReference; lastKnownFileType = text; path = SubmitInviteKey.graphql; sourceTree = "<group>"; };
		657392862A4DD55D00981775 /* CreateInviteKey.graphql */ = {isa = PBXFileReference; lastKnownFileType = text; path = CreateInviteKey.graphql; sourceTree = "<group>"; };
		657392BF2A4FE7A500981775 /* InvitationKeyInputUIView.swift */ = {isa = PBXFileReference; lastKnownFileType = sourcecode.swift; path = InvitationKeyInputUIView.swift; sourceTree = "<group>"; };
		657392C12A4FE7C800981775 /* InvitationKeyDashesUIView.swift */ = {isa = PBXFileReference; lastKnownFileType = sourcecode.swift; path = InvitationKeyDashesUIView.swift; sourceTree = "<group>"; };
		657393302A51EADB00981775 /* FolderConnectionViewController.swift */ = {isa = PBXFileReference; lastKnownFileType = sourcecode.swift; path = FolderConnectionViewController.swift; sourceTree = "<group>"; };
		657393322A51FDE300981775 /* FolderConnectionViewController+DocumentPicker.swift */ = {isa = PBXFileReference; lastKnownFileType = sourcecode.swift; path = "FolderConnectionViewController+DocumentPicker.swift"; sourceTree = "<group>"; };
		657393352A51FE4100981775 /* FolderConnectionViewController+Errors.swift */ = {isa = PBXFileReference; lastKnownFileType = sourcecode.swift; path = "FolderConnectionViewController+Errors.swift"; sourceTree = "<group>"; };
		657473D22A54E81200B776E2 /* DeleteAccountViewController.swift */ = {isa = PBXFileReference; lastKnownFileType = sourcecode.swift; path = DeleteAccountViewController.swift; sourceTree = "<group>"; };
		657473D42A54EC9C00B776E2 /* DeleteAccount.graphql */ = {isa = PBXFileReference; lastKnownFileType = text; path = DeleteAccount.graphql; sourceTree = "<group>"; };
		659A9F7B2A414BA600DC6006 /* GetLogs.graphql */ = {isa = PBXFileReference; fileEncoding = 4; lastKnownFileType = text; path = GetLogs.graphql; sourceTree = "<group>"; };
		659A9F822A414C2E00DC6006 /* GetProfileInformation.graphql */ = {isa = PBXFileReference; fileEncoding = 4; lastKnownFileType = text; path = GetProfileInformation.graphql; sourceTree = "<group>"; };
		659A9F842A414C7800DC6006 /* EditUser.graphql */ = {isa = PBXFileReference; fileEncoding = 4; lastKnownFileType = text; path = EditUser.graphql; sourceTree = "<group>"; };
		659A9F882A414D2100DC6006 /* GetUploadedLogs.graphql */ = {isa = PBXFileReference; fileEncoding = 4; lastKnownFileType = text; path = GetUploadedLogs.graphql; sourceTree = "<group>"; };
		659A9FE62A42B83600DC6006 /* BookmarkManager.swift */ = {isa = PBXFileReference; lastKnownFileType = sourcecode.swift; path = BookmarkManager.swift; sourceTree = "<group>"; };
		659C5CF22A537A0800E21CD7 /* AutoUploadFileLabel.swift */ = {isa = PBXFileReference; lastKnownFileType = sourcecode.swift; path = AutoUploadFileLabel.swift; sourceTree = "<group>"; };
		65A370D8297E594500E1D851 /* Lynx.app */ = {isa = PBXFileReference; explicitFileType = wrapper.application; includeInIndex = 0; path = Lynx.app; sourceTree = BUILT_PRODUCTS_DIR; };
		65A370DB297E594500E1D851 /* AppDelegate.swift */ = {isa = PBXFileReference; lastKnownFileType = sourcecode.swift; path = AppDelegate.swift; sourceTree = "<group>"; };
		65A370DD297E594500E1D851 /* SceneDelegate.swift */ = {isa = PBXFileReference; lastKnownFileType = sourcecode.swift; path = SceneDelegate.swift; sourceTree = "<group>"; };
		65A370E2297E594500E1D851 /* Base */ = {isa = PBXFileReference; lastKnownFileType = file.storyboard; name = Base; path = Base.lproj/Main.storyboard; sourceTree = "<group>"; };
		65A370E4297E594600E1D851 /* Assets.xcassets */ = {isa = PBXFileReference; lastKnownFileType = folder.assetcatalog; path = Assets.xcassets; sourceTree = "<group>"; };
		65A370E7297E594600E1D851 /* Base */ = {isa = PBXFileReference; lastKnownFileType = file.storyboard; name = Base; path = Base.lproj/LaunchScreen.storyboard; sourceTree = "<group>"; };
		65A370EF297E5D1200E1D851 /* AccountViewController.swift */ = {isa = PBXFileReference; lastKnownFileType = sourcecode.swift; path = AccountViewController.swift; sourceTree = "<group>"; };
		65A370F2297E5DCD00E1D851 /* Setting.swift */ = {isa = PBXFileReference; lastKnownFileType = sourcecode.swift; path = Setting.swift; sourceTree = "<group>"; };
		65A370F6297E6B5800E1D851 /* Support.swift */ = {isa = PBXFileReference; lastKnownFileType = sourcecode.swift; path = Support.swift; sourceTree = "<group>"; };
		65A370F8297E6B6F00E1D851 /* Constants.swift */ = {isa = PBXFileReference; lastKnownFileType = sourcecode.swift; path = Constants.swift; sourceTree = "<group>"; };
		65AF9FF5297F355500DC59C3 /* LogbookViewController.swift */ = {isa = PBXFileReference; lastKnownFileType = sourcecode.swift; path = LogbookViewController.swift; sourceTree = "<group>"; };
		65AFF4E829D163E200C0F8C0 /* UserDefaultsKeys.swift */ = {isa = PBXFileReference; lastKnownFileType = sourcecode.swift; path = UserDefaultsKeys.swift; sourceTree = "<group>"; };
		65BA301129D0E45D00A6D1BF /* NetworkManager.swift */ = {isa = PBXFileReference; lastKnownFileType = sourcecode.swift; path = NetworkManager.swift; sourceTree = "<group>"; };
		65D43AB72A400B590053C215 /* StatsTableViewCell.swift */ = {isa = PBXFileReference; lastKnownFileType = sourcecode.swift; path = StatsTableViewCell.swift; sourceTree = "<group>"; };
		65F4DE762A5A802600181306 /* GetOAuthLogins.graphql */ = {isa = PBXFileReference; lastKnownFileType = text; path = GetOAuthLogins.graphql; sourceTree = "<group>"; };
		65F791AC2A626B7D000E997C /* LeaderboardViewController.swift */ = {isa = PBXFileReference; lastKnownFileType = sourcecode.swift; path = LeaderboardViewController.swift; sourceTree = "<group>"; };
		65F791AE2A626E39000E997C /* LeaderboardViewController+Enums.swift */ = {isa = PBXFileReference; lastKnownFileType = sourcecode.swift; path = "LeaderboardViewController+Enums.swift"; sourceTree = "<group>"; };
		65F791B02A626EB9000E997C /* LeaderboardTableViewCell.swift */ = {isa = PBXFileReference; lastKnownFileType = sourcecode.swift; path = LeaderboardTableViewCell.swift; sourceTree = "<group>"; };
		65F791B22A63ACFA000E997C /* GetAllLeaderboards.graphql */ = {isa = PBXFileReference; lastKnownFileType = text; path = GetAllLeaderboards.graphql; sourceTree = "<group>"; };
		65F792382A64820B000E997C /* LeaderboardModels.swift */ = {isa = PBXFileReference; lastKnownFileType = sourcecode.swift; path = LeaderboardModels.swift; sourceTree = "<group>"; };
		65F792802A65924A000E997C /* DefautLeaderboardTableViewCell.swift */ = {isa = PBXFileReference; lastKnownFileType = sourcecode.swift; path = DefautLeaderboardTableViewCell.swift; sourceTree = "<group>"; };
		65F792822A659FC4000E997C /* ShowAllLeadersTableViewCell.swift */ = {isa = PBXFileReference; lastKnownFileType = sourcecode.swift; path = ShowAllLeadersTableViewCell.swift; sourceTree = "<group>"; };
		65F792852A65A142000E997C /* AllLeadersViewController.swift */ = {isa = PBXFileReference; lastKnownFileType = sourcecode.swift; path = AllLeadersViewController.swift; sourceTree = "<group>"; };
		65F7930D2A67A549000E997C /* GetSelectedLeaderboard.graphql */ = {isa = PBXFileReference; lastKnownFileType = text; path = GetSelectedLeaderboard.graphql; sourceTree = "<group>"; };
		65F794732A6C0952000E997C /* LeaderboardFields.graphql.swift */ = {isa = PBXFileReference; fileEncoding = 4; lastKnownFileType = sourcecode.swift; path = LeaderboardFields.graphql.swift; sourceTree = "<group>"; };
		65F794762A6C0952000E997C /* CombineOAuthAccountsMutation.graphql.swift */ = {isa = PBXFileReference; fileEncoding = 4; lastKnownFileType = sourcecode.swift; path = CombineOAuthAccountsMutation.graphql.swift; sourceTree = "<group>"; };
		65F794772A6C0952000E997C /* DeleteAccountMutation.graphql.swift */ = {isa = PBXFileReference; fileEncoding = 4; lastKnownFileType = sourcecode.swift; path = DeleteAccountMutation.graphql.swift; sourceTree = "<group>"; };
		65F794782A6C0952000E997C /* LoginOrCreateUserMutation.graphql.swift */ = {isa = PBXFileReference; fileEncoding = 4; lastKnownFileType = sourcecode.swift; path = LoginOrCreateUserMutation.graphql.swift; sourceTree = "<group>"; };
		65F794792A6C0952000E997C /* EditUserMutation.graphql.swift */ = {isa = PBXFileReference; fileEncoding = 4; lastKnownFileType = sourcecode.swift; path = EditUserMutation.graphql.swift; sourceTree = "<group>"; };
		65F7947A2A6C0952000E997C /* CreateInviteKeyMutation.graphql.swift */ = {isa = PBXFileReference; fileEncoding = 4; lastKnownFileType = sourcecode.swift; path = CreateInviteKeyMutation.graphql.swift; sourceTree = "<group>"; };
		65F7947B2A6C0952000E997C /* CreateUserProfilePictureUploadUrlMutation.graphql.swift */ = {isa = PBXFileReference; fileEncoding = 4; lastKnownFileType = sourcecode.swift; path = CreateUserProfilePictureUploadUrlMutation.graphql.swift; sourceTree = "<group>"; };
		65F7947C2A6C0952000E997C /* CreateRunRecordUploadUrlMutation.graphql.swift */ = {isa = PBXFileReference; fileEncoding = 4; lastKnownFileType = sourcecode.swift; path = CreateRunRecordUploadUrlMutation.graphql.swift; sourceTree = "<group>"; };
		65F7947D2A6C0952000E997C /* SubmitInviteKeyMutation.graphql.swift */ = {isa = PBXFileReference; fileEncoding = 4; lastKnownFileType = sourcecode.swift; path = SubmitInviteKeyMutation.graphql.swift; sourceTree = "<group>"; };
		65F7947F2A6C0952000E997C /* GetUploadedLogsQuery.graphql.swift */ = {isa = PBXFileReference; fileEncoding = 4; lastKnownFileType = sourcecode.swift; path = GetUploadedLogsQuery.graphql.swift; sourceTree = "<group>"; };
		65F794802A6C0952000E997C /* GetLogsQuery.graphql.swift */ = {isa = PBXFileReference; fileEncoding = 4; lastKnownFileType = sourcecode.swift; path = GetLogsQuery.graphql.swift; sourceTree = "<group>"; };
		65F794812A6C0952000E997C /* GetProfileInformationQuery.graphql.swift */ = {isa = PBXFileReference; fileEncoding = 4; lastKnownFileType = sourcecode.swift; path = GetProfileInformationQuery.graphql.swift; sourceTree = "<group>"; };
		65F794822A6C0952000E997C /* GetSelectedLeaderboardQuery.graphql.swift */ = {isa = PBXFileReference; fileEncoding = 4; lastKnownFileType = sourcecode.swift; path = GetSelectedLeaderboardQuery.graphql.swift; sourceTree = "<group>"; };
		65F794832A6C0952000E997C /* GetAllLeaderboardsQuery.graphql.swift */ = {isa = PBXFileReference; fileEncoding = 4; lastKnownFileType = sourcecode.swift; path = GetAllLeaderboardsQuery.graphql.swift; sourceTree = "<group>"; };
		65F794842A6C0952000E997C /* GetOAuthLoginsQuery.graphql.swift */ = {isa = PBXFileReference; fileEncoding = 4; lastKnownFileType = sourcecode.swift; path = GetOAuthLoginsQuery.graphql.swift; sourceTree = "<group>"; };
		65F794872A6C0952000E997C /* OAuthType.graphql.swift */ = {isa = PBXFileReference; fileEncoding = 4; lastKnownFileType = sourcecode.swift; path = OAuthType.graphql.swift; sourceTree = "<group>"; };
		65F794882A6C0952000E997C /* MeasurementSystem.graphql.swift */ = {isa = PBXFileReference; fileEncoding = 4; lastKnownFileType = sourcecode.swift; path = MeasurementSystem.graphql.swift; sourceTree = "<group>"; };
		65F794892A6C0952000E997C /* LeaderboardSort.graphql.swift */ = {isa = PBXFileReference; fileEncoding = 4; lastKnownFileType = sourcecode.swift; path = LeaderboardSort.graphql.swift; sourceTree = "<group>"; };
		65F7948A2A6C0952000E997C /* LogDetailType.graphql.swift */ = {isa = PBXFileReference; fileEncoding = 4; lastKnownFileType = sourcecode.swift; path = LogDetailType.graphql.swift; sourceTree = "<group>"; };
		65F7948C2A6C0952000E997C /* User.graphql.swift */ = {isa = PBXFileReference; fileEncoding = 4; lastKnownFileType = sourcecode.swift; path = User.graphql.swift; sourceTree = "<group>"; };
		65F7948D2A6C0952000E997C /* Log.graphql.swift */ = {isa = PBXFileReference; fileEncoding = 4; lastKnownFileType = sourcecode.swift; path = Log.graphql.swift; sourceTree = "<group>"; };
		65F7948E2A6C0952000E997C /* Mutation.graphql.swift */ = {isa = PBXFileReference; fileEncoding = 4; lastKnownFileType = sourcecode.swift; path = Mutation.graphql.swift; sourceTree = "<group>"; };
		65F7948F2A6C0952000E997C /* OAuthTypeCorrelation.graphql.swift */ = {isa = PBXFileReference; fileEncoding = 4; lastKnownFileType = sourcecode.swift; path = OAuthTypeCorrelation.graphql.swift; sourceTree = "<group>"; };
		65F794902A6C0952000E997C /* Query.graphql.swift */ = {isa = PBXFileReference; fileEncoding = 4; lastKnownFileType = sourcecode.swift; path = Query.graphql.swift; sourceTree = "<group>"; };
		65F794912A6C0952000E997C /* LogDetail.graphql.swift */ = {isa = PBXFileReference; fileEncoding = 4; lastKnownFileType = sourcecode.swift; path = LogDetail.graphql.swift; sourceTree = "<group>"; };
		65F794922A6C0952000E997C /* AuthorizationToken.graphql.swift */ = {isa = PBXFileReference; fileEncoding = 4; lastKnownFileType = sourcecode.swift; path = AuthorizationToken.graphql.swift; sourceTree = "<group>"; };
		65F794932A6C0952000E997C /* SchemaConfiguration.swift */ = {isa = PBXFileReference; fileEncoding = 4; lastKnownFileType = sourcecode.swift; path = SchemaConfiguration.swift; sourceTree = "<group>"; };
		65F794952A6C0952000E997C /* OAuthTypeCorrelationInput.graphql.swift */ = {isa = PBXFileReference; fileEncoding = 4; lastKnownFileType = sourcecode.swift; path = OAuthTypeCorrelationInput.graphql.swift; sourceTree = "<group>"; };
		65F794962A6C0952000E997C /* DeleteUserOptions.graphql.swift */ = {isa = PBXFileReference; fileEncoding = 4; lastKnownFileType = sourcecode.swift; path = DeleteUserOptions.graphql.swift; sourceTree = "<group>"; };
		65F794972A6C0952000E997C /* UserDataPair.graphql.swift */ = {isa = PBXFileReference; fileEncoding = 4; lastKnownFileType = sourcecode.swift; path = UserDataPair.graphql.swift; sourceTree = "<group>"; };
		65F794982A6C0952000E997C /* InvalidateTokenOption.graphql.swift */ = {isa = PBXFileReference; fileEncoding = 4; lastKnownFileType = sourcecode.swift; path = InvalidateTokenOption.graphql.swift; sourceTree = "<group>"; };
		65F794992A6C0952000E997C /* SchemaMetadata.graphql.swift */ = {isa = PBXFileReference; fileEncoding = 4; lastKnownFileType = sourcecode.swift; path = SchemaMetadata.graphql.swift; sourceTree = "<group>"; };
		65F7949A2A6C0952000E997C /* ApolloGeneratedGraphQL.graphql.swift */ = {isa = PBXFileReference; fileEncoding = 4; lastKnownFileType = sourcecode.swift; path = ApolloGeneratedGraphQL.graphql.swift; sourceTree = "<group>"; };
/* End PBXFileReference section */

/* Begin PBXFrameworksBuildPhase section */
		65A370D5297E594500E1D851 /* Frameworks */ = {
			isa = PBXFrameworksBuildPhase;
			buildActionMask = 2147483647;
			files = (
				65A4B8252A58966600BC2299 /* Apollo in Frameworks */,
				65A4B81D2A58960300BC2299 /* GoogleSignInSwift in Frameworks */,
				65A4B8222A58961600BC2299 /* TOCropViewController in Frameworks */,
				65A4B81B2A58960300BC2299 /* GoogleSignIn in Frameworks */,
				65A4B8202A58961600BC2299 /* CropViewController in Frameworks */,
			);
			runOnlyForDeploymentPostprocessing = 0;
		};
/* End PBXFrameworksBuildPhase section */

/* Begin PBXGroup section */
		65362D6329C16C8100507CCE /* EditProfileTableCells */ = {
			isa = PBXGroup;
			children = (
				65478ADC29BE6FB100861A63 /* EditEmailTableViewCell.swift */,
				65478ADE29BE8B4400861A63 /* EditNameTableViewCell.swift */,
				65362D5F29C1526900507CCE /* EditProfilePictureTableViewCell.swift */,
			);
			path = EditProfileTableCells;
			sourceTree = "<group>";
		};
		653A0E5D29BCD20A00C8F308 /* Login */ = {
			isa = PBXGroup;
			children = (
				654DEAE72983933C001565A3 /* LoginViewController.swift */,
				65362D5929C1037600507CCE /* LoginController.swift */,
				653A0E5E29BCFE8200C8F308 /* SignInWithGoogleButton.swift */,
				657392C32A4FFD0100981775 /* InvitationKey */,
			);
			path = Login;
			sourceTree = "<group>";
		};
		65478AE329BEBAE500861A63 /* ProfileView */ = {
			isa = PBXGroup;
			children = (
				654DEAD12981BF6D001565A3 /* EditProfileTableViewController.swift */,
				6566A0BC29D3EC2B008B7E57 /* ProfilePictureUtils.swift */,
				657473D22A54E81200B776E2 /* DeleteAccountViewController.swift */,
				656FE8722A552941001B2C67 /* MergeAccountsViewController.swift */,
				65362D6329C16C8100507CCE /* EditProfileTableCells */,
			);
			path = ProfileView;
			sourceTree = "<group>";
		};
		65478AE429BEBB2000861A63 /* GeneralSettingsView */ = {
			isa = PBXGroup;
			children = (
				654DEAC92981B006001565A3 /* AppSettingTableViewController.swift */,
				654DEAD92981D8B0001565A3 /* NotificationSettingsTableViewController.swift */,
				654DEAD72981CB3F001565A3 /* PopoverButtonTableViewCell.swift */,
			);
			path = GeneralSettingsView;
			sourceTree = "<group>";
		};
		65478AE529BEBB3700861A63 /* AccountView */ = {
			isa = PBXGroup;
			children = (
				65A370EF297E5D1200E1D851 /* AccountViewController.swift */,
				654DEADD2981F8C9001565A3 /* ProfileTableViewCell.swift */,
				654DEADB2981EE2A001565A3 /* SettingTableViewCell.swift */,
				654DEAC42980FAB5001565A3 /* MadeWithLoveFooterView.swift */,
			);
			path = AccountView;
			sourceTree = "<group>";
		};
		654DEAD32981C1AC001565A3 /* Profile */ = {
			isa = PBXGroup;
			children = (
				65478AE329BEBAE500861A63 /* ProfileView */,
				654DEAD52981C1CD001565A3 /* ProfileModel */,
			);
			path = Profile;
			sourceTree = "<group>";
		};
		654DEAD42981C1BA001565A3 /* GeneralSettings */ = {
			isa = PBXGroup;
			children = (
				65478AE429BEBB2000861A63 /* GeneralSettingsView */,
				654DEAD62981C1D6001565A3 /* GeneralSettingsModel */,
			);
			path = GeneralSettings;
			sourceTree = "<group>";
		};
		654DEAD52981C1CD001565A3 /* ProfileModel */ = {
			isa = PBXGroup;
			children = (
				654DEADF29820806001565A3 /* Profile.swift */,
				65362D5D29C1512600507CCE /* Profile+Enums.swift */,
			);
			path = ProfileModel;
			sourceTree = "<group>";
		};
		654DEAD62981C1D6001565A3 /* GeneralSettingsModel */ = {
			isa = PBXGroup;
			children = (
				65A370F2297E5DCD00E1D851 /* Setting.swift */,
				65A370F6297E6B5800E1D851 /* Support.swift */,
			);
			path = GeneralSettingsModel;
			sourceTree = "<group>";
		};
		654F224129FE36B400D1C96E /* GraphQLOperations */ = {
			isa = PBXGroup;
			children = (
				654F224329FE36D800D1C96E /* Mutation */,
				654F224229FE36CC00D1C96E /* Query */,
			);
			path = GraphQLOperations;
			sourceTree = "<group>";
		};
		654F224229FE36CC00D1C96E /* Query */ = {
			isa = PBXGroup;
			children = (
				659A9F822A414C2E00DC6006 /* GetProfileInformation.graphql */,
				65F4DE762A5A802600181306 /* GetOAuthLogins.graphql */,
				659A9F882A414D2100DC6006 /* GetUploadedLogs.graphql */,
				659A9F7B2A414BA600DC6006 /* GetLogs.graphql */,
				65F7930D2A67A549000E997C /* GetSelectedLeaderboard.graphql */,
				65F791B22A63ACFA000E997C /* GetAllLeaderboards.graphql */,
			);
			path = Query;
			sourceTree = "<group>";
		};
		654F224329FE36D800D1C96E /* Mutation */ = {
			isa = PBXGroup;
			children = (
				659A9F842A414C7800DC6006 /* EditUser.graphql */,
				654F224829FE373100D1C96E /* CreateUserProfilePictureUploadUrl.graphql */,
				654F224A29FE374B00D1C96E /* CreateRunRecordUploadUrl.graphql */,
				654F227129FE3FE900D1C96E /* LoginOrCreateUser.graphql */,
				657392862A4DD55D00981775 /* CreateInviteKey.graphql */,
				657392552A4B376D00981775 /* SubmitInviteKey.graphql */,
				657473D42A54EC9C00B776E2 /* DeleteAccount.graphql */,
				656FE8742A553A42001B2C67 /* MergeAccounts.graphql */,
			);
			path = Mutation;
			sourceTree = "<group>";
		};
		654F229A29FE484C00D1C96E /* Apollo */ = {
			isa = PBXGroup;
			children = (
				654F226F29FE3A1600D1C96E /* ApolloLynxClient.swift */,
				654F229B29FE486700D1C96E /* UserManagementInterceptor.swift */,
				654F229D29FEFB1E00D1C96E /* NetworkInterceptorProvider.swift */,
				654F229F29FEFB7100D1C96E /* RequestLoggingInterceptor.swift */,
				654F22A129FF009300D1C96E /* ResponseLoggingInterceptor.swift */,
				654F22A329FF1B5000D1C96E /* UserManager.swift */,
				654F22A529FF232300D1C96E /* UserError.swift */,
			);
			path = Apollo;
			sourceTree = "<group>";
		};
		657392C32A4FFD0100981775 /* InvitationKey */ = {
			isa = PBXGroup;
			children = (
				657392252A47798600981775 /* InvitationKeySheetViewController.swift */,
				657392BF2A4FE7A500981775 /* InvitationKeyInputUIView.swift */,
				657392C12A4FE7C800981775 /* InvitationKeyDashesUIView.swift */,
			);
			path = InvitationKey;
			sourceTree = "<group>";
		};
		657393342A51FE2600981775 /* FolderConnection */ = {
			isa = PBXGroup;
			children = (
				657393302A51EADB00981775 /* FolderConnectionViewController.swift */,
				657393322A51FDE300981775 /* FolderConnectionViewController+DocumentPicker.swift */,
				657393352A51FE4100981775 /* FolderConnectionViewController+Errors.swift */,
				659A9FE62A42B83600DC6006 /* BookmarkManager.swift */,
			);
			path = FolderConnection;
			sourceTree = "<group>";
		};
		65A370CF297E594500E1D851 = {
			isa = PBXGroup;
			children = (
				65A370DA297E594500E1D851 /* Lynx */,
				65A370D9297E594500E1D851 /* Products */,
			);
			sourceTree = "<group>";
		};
		65A370D9297E594500E1D851 /* Products */ = {
			isa = PBXGroup;
			children = (
				65A370D8297E594500E1D851 /* Lynx.app */,
			);
			name = Products;
			sourceTree = "<group>";
		};
		65A370DA297E594500E1D851 /* Lynx */ = {
			isa = PBXGroup;
			children = (
				654F229A29FE484C00D1C96E /* Apollo */,
				65F794712A6C0952000E997C /* ApolloGeneratedGraphQL */,
				654F224129FE36B400D1C96E /* GraphQLOperations */,
				654F224C29FE37C400D1C96E /* apollo-codegen-config.json */,
				654F224E29FE397E00D1C96E /* schema.graphql */,
				65A370DB297E594500E1D851 /* AppDelegate.swift */,
				65A370DD297E594500E1D851 /* SceneDelegate.swift */,
				65362D5B29C115A100507CCE /* TabViewController.swift */,
				65A370E1297E594500E1D851 /* Main.storyboard */,
				6517ADA52A57DCE80067C094 /* Lynx.entitlements */,
				65A370FC297E6F5100E1D851 /* Utils */,
				653A0E5D29BCD20A00C8F308 /* Login */,
				65AF9FF7297F355800DC59C3 /* Logbook */,
				65F791AB2A626B3B000E997C /* Leaderboard */,
				65A370F1297E5DBE00E1D851 /* Account */,
				65A370E4297E594600E1D851 /* Assets.xcassets */,
				65A370E6297E594600E1D851 /* LaunchScreen.storyboard */,
				6517ADA92A57DF200067C094 /* Info.plist */,
			);
			path = Lynx;
			sourceTree = "<group>";
		};
		65A370F1297E5DBE00E1D851 /* Account */ = {
			isa = PBXGroup;
			children = (
				65478AE529BEBB3700861A63 /* AccountView */,
				654DEAD42981C1BA001565A3 /* GeneralSettings */,
				654DEAD32981C1AC001565A3 /* Profile */,
			);
			path = Account;
			sourceTree = "<group>";
		};
		65A370FC297E6F5100E1D851 /* Utils */ = {
			isa = PBXGroup;
			children = (
				65BA301129D0E45D00A6D1BF /* NetworkManager.swift */,
				65A370F8297E6B6F00E1D851 /* Constants.swift */,
				654DEABE297F5E8C001565A3 /* Extension.swift */,
				65AFF4E829D163E200C0F8C0 /* UserDefaultsKeys.swift */,
			);
			path = Utils;
			sourceTree = "<group>";
		};
		65AF9FF7297F355800DC59C3 /* Logbook */ = {
			isa = PBXGroup;
			children = (
				65AF9FF5297F355500DC59C3 /* LogbookViewController.swift */,
				654DEAE329824134001565A3 /* SessionTableViewCell.swift */,
				654F4C792A3CE91E00E0614C /* LogbookStats.swift */,
				6568EE0D2A3FB1A500601759 /* LifetimeSummaryViewController.swift */,
				65D43AB72A400B590053C215 /* StatsTableViewCell.swift */,
				657393342A51FE2600981775 /* FolderConnection */,
				659C5CF22A537A0800E21CD7 /* AutoUploadFileLabel.swift */,
			);
			path = Logbook;
			sourceTree = "<group>";
		};
		65F791AB2A626B3B000E997C /* Leaderboard */ = {
			isa = PBXGroup;
			children = (
				65F792372A6481F8000E997C /* Model */,
				65F792842A65A119000E997C /* ViewControllers */,
				65F7927F2A65922B000E997C /* Views */,
			);
			path = Leaderboard;
			sourceTree = "<group>";
		};
		65F792372A6481F8000E997C /* Model */ = {
			isa = PBXGroup;
			children = (
				65F791AE2A626E39000E997C /* LeaderboardViewController+Enums.swift */,
				65F792382A64820B000E997C /* LeaderboardModels.swift */,
			);
			path = Model;
			sourceTree = "<group>";
		};
		65F7927F2A65922B000E997C /* Views */ = {
			isa = PBXGroup;
			children = (
				65F791B02A626EB9000E997C /* LeaderboardTableViewCell.swift */,
				65F792802A65924A000E997C /* DefautLeaderboardTableViewCell.swift */,
				65F792822A659FC4000E997C /* ShowAllLeadersTableViewCell.swift */,
			);
			path = Views;
			sourceTree = "<group>";
		};
		65F792842A65A119000E997C /* ViewControllers */ = {
			isa = PBXGroup;
			children = (
				65F791AC2A626B7D000E997C /* LeaderboardViewController.swift */,
				65F792852A65A142000E997C /* AllLeadersViewController.swift */,
			);
			path = ViewControllers;
			sourceTree = "<group>";
		};
		65F794712A6C0952000E997C /* ApolloGeneratedGraphQL */ = {
			isa = PBXGroup;
			children = (
				65F794722A6C0952000E997C /* Fragments */,
				65F794742A6C0952000E997C /* Operations */,
				65F794852A6C0952000E997C /* Schema */,
				65F7949A2A6C0952000E997C /* ApolloGeneratedGraphQL.graphql.swift */,
			);
			path = ApolloGeneratedGraphQL;
			sourceTree = "<group>";
		};
		65F794722A6C0952000E997C /* Fragments */ = {
			isa = PBXGroup;
			children = (
				65F794732A6C0952000E997C /* LeaderboardFields.graphql.swift */,
			);
			path = Fragments;
			sourceTree = "<group>";
		};
		65F794742A6C0952000E997C /* Operations */ = {
			isa = PBXGroup;
			children = (
				65F794752A6C0952000E997C /* Mutations */,
				65F7947E2A6C0952000E997C /* Queries */,
			);
			path = Operations;
			sourceTree = "<group>";
		};
		65F794752A6C0952000E997C /* Mutations */ = {
			isa = PBXGroup;
			children = (
				65F794762A6C0952000E997C /* CombineOAuthAccountsMutation.graphql.swift */,
				65F794772A6C0952000E997C /* DeleteAccountMutation.graphql.swift */,
				65F794782A6C0952000E997C /* LoginOrCreateUserMutation.graphql.swift */,
				65F794792A6C0952000E997C /* EditUserMutation.graphql.swift */,
				65F7947A2A6C0952000E997C /* CreateInviteKeyMutation.graphql.swift */,
				65F7947B2A6C0952000E997C /* CreateUserProfilePictureUploadUrlMutation.graphql.swift */,
				65F7947C2A6C0952000E997C /* CreateRunRecordUploadUrlMutation.graphql.swift */,
				65F7947D2A6C0952000E997C /* SubmitInviteKeyMutation.graphql.swift */,
			);
			path = Mutations;
			sourceTree = "<group>";
		};
		65F7947E2A6C0952000E997C /* Queries */ = {
			isa = PBXGroup;
			children = (
				65F7947F2A6C0952000E997C /* GetUploadedLogsQuery.graphql.swift */,
				65F794802A6C0952000E997C /* GetLogsQuery.graphql.swift */,
				65F794812A6C0952000E997C /* GetProfileInformationQuery.graphql.swift */,
				65F794822A6C0952000E997C /* GetSelectedLeaderboardQuery.graphql.swift */,
				65F794832A6C0952000E997C /* GetAllLeaderboardsQuery.graphql.swift */,
				65F794842A6C0952000E997C /* GetOAuthLoginsQuery.graphql.swift */,
			);
			path = Queries;
			sourceTree = "<group>";
		};
		65F794852A6C0952000E997C /* Schema */ = {
			isa = PBXGroup;
			children = (
				65F794862A6C0952000E997C /* Enums */,
				65F7948B2A6C0952000E997C /* Objects */,
				65F794932A6C0952000E997C /* SchemaConfiguration.swift */,
				65F794942A6C0952000E997C /* InputObjects */,
				65F794992A6C0952000E997C /* SchemaMetadata.graphql.swift */,
			);
			path = Schema;
			sourceTree = "<group>";
		};
		65F794862A6C0952000E997C /* Enums */ = {
			isa = PBXGroup;
			children = (
				65F794872A6C0952000E997C /* OAuthType.graphql.swift */,
				65F794882A6C0952000E997C /* MeasurementSystem.graphql.swift */,
				65F794892A6C0952000E997C /* LeaderboardSort.graphql.swift */,
				65F7948A2A6C0952000E997C /* LogDetailType.graphql.swift */,
			);
			path = Enums;
			sourceTree = "<group>";
		};
		65F7948B2A6C0952000E997C /* Objects */ = {
			isa = PBXGroup;
			children = (
				65F7948C2A6C0952000E997C /* User.graphql.swift */,
				65F7948D2A6C0952000E997C /* Log.graphql.swift */,
				65F7948E2A6C0952000E997C /* Mutation.graphql.swift */,
				65F7948F2A6C0952000E997C /* OAuthTypeCorrelation.graphql.swift */,
				65F794902A6C0952000E997C /* Query.graphql.swift */,
				65F794912A6C0952000E997C /* LogDetail.graphql.swift */,
				65F794922A6C0952000E997C /* AuthorizationToken.graphql.swift */,
			);
			path = Objects;
			sourceTree = "<group>";
		};
		65F794942A6C0952000E997C /* InputObjects */ = {
			isa = PBXGroup;
			children = (
				65F794952A6C0952000E997C /* OAuthTypeCorrelationInput.graphql.swift */,
				65F794962A6C0952000E997C /* DeleteUserOptions.graphql.swift */,
				65F794972A6C0952000E997C /* UserDataPair.graphql.swift */,
				65F794982A6C0952000E997C /* InvalidateTokenOption.graphql.swift */,
			);
			path = InputObjects;
			sourceTree = "<group>";
		};
/* End PBXGroup section */

/* Begin PBXNativeTarget section */
		65A370D7297E594500E1D851 /* Lynx */ = {
			isa = PBXNativeTarget;
			buildConfigurationList = 65A370EC297E594600E1D851 /* Build configuration list for PBXNativeTarget "Lynx" */;
			buildPhases = (
				65A370D4297E594500E1D851 /* Sources */,
				65A370D5297E594500E1D851 /* Frameworks */,
				65A370D6297E594500E1D851 /* Resources */,
			);
			buildRules = (
			);
			dependencies = (
			);
			name = Lynx;
			packageProductDependencies = (
				65A4B81A2A58960300BC2299 /* GoogleSignIn */,
				65A4B81C2A58960300BC2299 /* GoogleSignInSwift */,
				65A4B81F2A58961600BC2299 /* CropViewController */,
				65A4B8212A58961600BC2299 /* TOCropViewController */,
				65A4B8242A58966600BC2299 /* Apollo */,
			);
			productName = Lynx;
			productReference = 65A370D8297E594500E1D851 /* Lynx.app */;
			productType = "com.apple.product-type.application";
		};
/* End PBXNativeTarget section */

/* Begin PBXProject section */
		65A370D0297E594500E1D851 /* Project object */ = {
			isa = PBXProject;
			attributes = {
				BuildIndependentTargetsInParallel = 1;
				LastSwiftUpdateCheck = 1420;
				LastUpgradeCheck = 1420;
				TargetAttributes = {
					65A370D7297E594500E1D851 = {
						CreatedOnToolsVersion = 14.2;
					};
				};
			};
			buildConfigurationList = 65A370D3297E594500E1D851 /* Build configuration list for PBXProject "Lynx" */;
			compatibilityVersion = "Xcode 14.0";
			developmentRegion = en;
			hasScannedForEncodings = 0;
			knownRegions = (
				en,
				Base,
			);
			mainGroup = 65A370CF297E594500E1D851;
			packageReferences = (
				65A4B8192A58960300BC2299 /* XCRemoteSwiftPackageReference "GoogleSignIn-iOS" */,
				65A4B81E2A58961600BC2299 /* XCRemoteSwiftPackageReference "TOCropViewController" */,
				65A4B8232A58966600BC2299 /* XCRemoteSwiftPackageReference "apollo-ios" */,
			);
			productRefGroup = 65A370D9297E594500E1D851 /* Products */;
			projectDirPath = "";
			projectRoot = "";
			targets = (
				65A370D7297E594500E1D851 /* Lynx */,
			);
		};
/* End PBXProject section */

/* Begin PBXResourcesBuildPhase section */
		65A370D6297E594500E1D851 /* Resources */ = {
			isa = PBXResourcesBuildPhase;
			buildActionMask = 2147483647;
			files = (
				65A370E8297E594600E1D851 /* LaunchScreen.storyboard in Resources */,
				654F227229FE3FE900D1C96E /* LoginOrCreateUser.graphql in Resources */,
				654F224929FE373100D1C96E /* CreateUserProfilePictureUploadUrl.graphql in Resources */,
				65A370E5297E594600E1D851 /* Assets.xcassets in Resources */,
				65A370E3297E594500E1D851 /* Main.storyboard in Resources */,
				659A9F852A414C7800DC6006 /* EditUser.graphql in Resources */,
				654F224D29FE37C400D1C96E /* apollo-codegen-config.json in Resources */,
				659A9F7E2A414BA600DC6006 /* GetLogs.graphql in Resources */,
				659A9F892A414D2100DC6006 /* GetUploadedLogs.graphql in Resources */,
				654F224F29FE397E00D1C96E /* schema.graphql in Resources */,
				659A9F832A414C2E00DC6006 /* GetProfileInformation.graphql in Resources */,
				654F224B29FE374B00D1C96E /* CreateRunRecordUploadUrl.graphql in Resources */,
				656FE8752A553A42001B2C67 /* MergeAccounts.graphql in Resources */,
			);
			runOnlyForDeploymentPostprocessing = 0;
		};
/* End PBXResourcesBuildPhase section */

/* Begin PBXSourcesBuildPhase section */
		65A370D4297E594500E1D851 /* Sources */ = {
			isa = PBXSourcesBuildPhase;
			buildActionMask = 2147483647;
			files = (
				65F794B62A6C0952000E997C /* OAuthTypeCorrelationInput.graphql.swift in Sources */,
				65F791AF2A626E39000E997C /* LeaderboardViewController+Enums.swift in Sources */,
				654DEADA2981D8B0001565A3 /* NotificationSettingsTableViewController.swift in Sources */,
				65478ADF29BE8B4400861A63 /* EditNameTableViewCell.swift in Sources */,
				654DEAD82981CB3F001565A3 /* PopoverButtonTableViewCell.swift in Sources */,
				65F794A22A6C0952000E997C /* CreateRunRecordUploadUrlMutation.graphql.swift in Sources */,
				654DEAD22981BF6D001565A3 /* EditProfileTableViewController.swift in Sources */,
				65F794A92A6C0952000E997C /* GetOAuthLoginsQuery.graphql.swift in Sources */,
				65F794B42A6C0952000E997C /* AuthorizationToken.graphql.swift in Sources */,
				6568EE0E2A3FB1A500601759 /* LifetimeSummaryViewController.swift in Sources */,
				654F227029FE3A1600D1C96E /* ApolloLynxClient.swift in Sources */,
				65F7949E2A6C0952000E997C /* LoginOrCreateUserMutation.graphql.swift in Sources */,
				65AFF4E929D163E200C0F8C0 /* UserDefaultsKeys.swift in Sources */,
				657473D32A54E81200B776E2 /* DeleteAccountViewController.swift in Sources */,
				65362D5A29C1037600507CCE /* LoginController.swift in Sources */,
				65F7949C2A6C0952000E997C /* CombineOAuthAccountsMutation.graphql.swift in Sources */,
				657392C22A4FE7C800981775 /* InvitationKeyDashesUIView.swift in Sources */,
				659A9FE72A42B83600DC6006 /* BookmarkManager.swift in Sources */,
				657393312A51EADB00981775 /* FolderConnectionViewController.swift in Sources */,
				65F794B12A6C0952000E997C /* OAuthTypeCorrelation.graphql.swift in Sources */,
				65F794A42A6C0952000E997C /* GetUploadedLogsQuery.graphql.swift in Sources */,
				65F794A52A6C0952000E997C /* GetLogsQuery.graphql.swift in Sources */,
				65F794B32A6C0952000E997C /* LogDetail.graphql.swift in Sources */,
				654DEACA2981B006001565A3 /* AppSettingTableViewController.swift in Sources */,
				654DEABF297F5E8C001565A3 /* Extension.swift in Sources */,
				654DEADC2981EE2A001565A3 /* SettingTableViewCell.swift in Sources */,
				654DEAE029820806001565A3 /* Profile.swift in Sources */,
				654DEAE82983933C001565A3 /* LoginViewController.swift in Sources */,
				65F794AD2A6C0952000E997C /* LogDetailType.graphql.swift in Sources */,
				65478ADD29BE6FB100861A63 /* EditEmailTableViewCell.swift in Sources */,
				65362D5C29C115A100507CCE /* TabViewController.swift in Sources */,
				65F794BA2A6C0952000E997C /* SchemaMetadata.graphql.swift in Sources */,
				65F794AB2A6C0952000E997C /* MeasurementSystem.graphql.swift in Sources */,
				65F794A82A6C0952000E997C /* GetAllLeaderboardsQuery.graphql.swift in Sources */,
				65F791AD2A626B7D000E997C /* LeaderboardViewController.swift in Sources */,
				65A370F3297E5DCD00E1D851 /* Setting.swift in Sources */,
				65F794A02A6C0952000E997C /* CreateInviteKeyMutation.graphql.swift in Sources */,
				654F4C7A2A3CE91E00E0614C /* LogbookStats.swift in Sources */,
				654F22A629FF232300D1C96E /* UserError.swift in Sources */,
				65F791B12A626EB9000E997C /* LeaderboardTableViewCell.swift in Sources */,
				653A0E5F29BCFE8200C8F308 /* SignInWithGoogleButton.swift in Sources */,
				6566A0BD29D3EC2B008B7E57 /* ProfilePictureUtils.swift in Sources */,
				65F794A72A6C0952000E997C /* GetSelectedLeaderboardQuery.graphql.swift in Sources */,
				65D43AB82A400B590053C215 /* StatsTableViewCell.swift in Sources */,
				65F794AF2A6C0952000E997C /* Log.graphql.swift in Sources */,
				65BA301229D0E45D00A6D1BF /* NetworkManager.swift in Sources */,
				65362D5E29C1512600507CCE /* Profile+Enums.swift in Sources */,
				65F794B02A6C0952000E997C /* Mutation.graphql.swift in Sources */,
				65AF9FF6297F355500DC59C3 /* LogbookViewController.swift in Sources */,
				65F794B82A6C0952000E997C /* UserDataPair.graphql.swift in Sources */,
				654F229E29FEFB1E00D1C96E /* NetworkInterceptorProvider.swift in Sources */,
				654DEAE429824134001565A3 /* SessionTableViewCell.swift in Sources */,
				659C5CF32A537A0800E21CD7 /* AutoUploadFileLabel.swift in Sources */,
				65F794B92A6C0952000E997C /* InvalidateTokenOption.graphql.swift in Sources */,
				65F7949F2A6C0952000E997C /* EditUserMutation.graphql.swift in Sources */,
				65F792862A65A142000E997C /* AllLeadersViewController.swift in Sources */,
				65F794B72A6C0952000E997C /* DeleteUserOptions.graphql.swift in Sources */,
				65A370DC297E594500E1D851 /* AppDelegate.swift in Sources */,
				65F792812A65924A000E997C /* DefautLeaderboardTableViewCell.swift in Sources */,
				654F22A429FF1B5000D1C96E /* UserManager.swift in Sources */,
				657393332A51FDE300981775 /* FolderConnectionViewController+DocumentPicker.swift in Sources */,
				65362D6029C1526900507CCE /* EditProfilePictureTableViewCell.swift in Sources */,
				654DEADE2981F8C9001565A3 /* ProfileTableViewCell.swift in Sources */,
				65F7949D2A6C0952000E997C /* DeleteAccountMutation.graphql.swift in Sources */,
				65F794B52A6C0952000E997C /* SchemaConfiguration.swift in Sources */,
				65A370F0297E5D1200E1D851 /* AccountViewController.swift in Sources */,
				65A370F9297E6B6F00E1D851 /* Constants.swift in Sources */,
				65F7949B2A6C0952000E997C /* LeaderboardFields.graphql.swift in Sources */,
				656FE8732A552941001B2C67 /* MergeAccountsViewController.swift in Sources */,
				65F794A12A6C0952000E997C /* CreateUserProfilePictureUploadUrlMutation.graphql.swift in Sources */,
				654DEAC52980FAB5001565A3 /* MadeWithLoveFooterView.swift in Sources */,
				65F794AA2A6C0952000E997C /* OAuthType.graphql.swift in Sources */,
				65F794AC2A6C0952000E997C /* LeaderboardSort.graphql.swift in Sources */,
				654F22A229FF009300D1C96E /* ResponseLoggingInterceptor.swift in Sources */,
				65F794A62A6C0952000E997C /* GetProfileInformationQuery.graphql.swift in Sources */,
				65A370DE297E594500E1D851 /* SceneDelegate.swift in Sources */,
				65F792392A64820B000E997C /* LeaderboardModels.swift in Sources */,
				654F229C29FE486700D1C96E /* UserManagementInterceptor.swift in Sources */,
				657393362A51FE4100981775 /* FolderConnectionViewController+Errors.swift in Sources */,
				65F794A32A6C0952000E997C /* SubmitInviteKeyMutation.graphql.swift in Sources */,
				657392262A47798600981775 /* InvitationKeySheetViewController.swift in Sources */,
				65F794BB2A6C0952000E997C /* ApolloGeneratedGraphQL.graphql.swift in Sources */,
				657392C02A4FE7A500981775 /* InvitationKeyInputUIView.swift in Sources */,
				65F794AE2A6C0952000E997C /* User.graphql.swift in Sources */,
				65F792832A659FC4000E997C /* ShowAllLeadersTableViewCell.swift in Sources */,
				65F794B22A6C0952000E997C /* Query.graphql.swift in Sources */,
				654F22A029FEFB7100D1C96E /* RequestLoggingInterceptor.swift in Sources */,
				65A370F7297E6B5800E1D851 /* Support.swift in Sources */,
			);
			runOnlyForDeploymentPostprocessing = 0;
		};
/* End PBXSourcesBuildPhase section */

/* Begin PBXVariantGroup section */
		65A370E1297E594500E1D851 /* Main.storyboard */ = {
			isa = PBXVariantGroup;
			children = (
				65A370E2297E594500E1D851 /* Base */,
			);
			name = Main.storyboard;
			sourceTree = "<group>";
		};
		65A370E6297E594600E1D851 /* LaunchScreen.storyboard */ = {
			isa = PBXVariantGroup;
			children = (
				65A370E7297E594600E1D851 /* Base */,
			);
			name = LaunchScreen.storyboard;
			sourceTree = "<group>";
		};
/* End PBXVariantGroup section */

/* Begin XCBuildConfiguration section */
		65A370EA297E594600E1D851 /* Debug */ = {
			isa = XCBuildConfiguration;
			buildSettings = {
				ALWAYS_SEARCH_USER_PATHS = NO;
				CLANG_ANALYZER_NONNULL = YES;
				CLANG_ANALYZER_NUMBER_OBJECT_CONVERSION = YES_AGGRESSIVE;
				CLANG_CXX_LANGUAGE_STANDARD = "gnu++20";
				CLANG_ENABLE_MODULES = YES;
				CLANG_ENABLE_OBJC_ARC = YES;
				CLANG_ENABLE_OBJC_WEAK = YES;
				CLANG_WARN_BLOCK_CAPTURE_AUTORELEASING = YES;
				CLANG_WARN_BOOL_CONVERSION = YES;
				CLANG_WARN_COMMA = YES;
				CLANG_WARN_CONSTANT_CONVERSION = YES;
				CLANG_WARN_DEPRECATED_OBJC_IMPLEMENTATIONS = YES;
				CLANG_WARN_DIRECT_OBJC_ISA_USAGE = YES_ERROR;
				CLANG_WARN_DOCUMENTATION_COMMENTS = YES;
				CLANG_WARN_EMPTY_BODY = YES;
				CLANG_WARN_ENUM_CONVERSION = YES;
				CLANG_WARN_INFINITE_RECURSION = YES;
				CLANG_WARN_INT_CONVERSION = YES;
				CLANG_WARN_NON_LITERAL_NULL_CONVERSION = YES;
				CLANG_WARN_OBJC_IMPLICIT_RETAIN_SELF = YES;
				CLANG_WARN_OBJC_LITERAL_CONVERSION = YES;
				CLANG_WARN_OBJC_ROOT_CLASS = YES_ERROR;
				CLANG_WARN_QUOTED_INCLUDE_IN_FRAMEWORK_HEADER = YES;
				CLANG_WARN_RANGE_LOOP_ANALYSIS = YES;
				CLANG_WARN_STRICT_PROTOTYPES = YES;
				CLANG_WARN_SUSPICIOUS_MOVE = YES;
				CLANG_WARN_UNGUARDED_AVAILABILITY = YES_AGGRESSIVE;
				CLANG_WARN_UNREACHABLE_CODE = YES;
				CLANG_WARN__DUPLICATE_METHOD_MATCH = YES;
				COPY_PHASE_STRIP = NO;
				DEBUG_INFORMATION_FORMAT = dwarf;
				ENABLE_STRICT_OBJC_MSGSEND = YES;
				ENABLE_TESTABILITY = YES;
				GCC_C_LANGUAGE_STANDARD = gnu11;
				GCC_DYNAMIC_NO_PIC = NO;
				GCC_NO_COMMON_BLOCKS = YES;
				GCC_OPTIMIZATION_LEVEL = 0;
				GCC_PREPROCESSOR_DEFINITIONS = (
					"DEBUG=1",
					"$(inherited)",
				);
				GCC_WARN_64_TO_32_BIT_CONVERSION = YES;
				GCC_WARN_ABOUT_RETURN_TYPE = YES_ERROR;
				GCC_WARN_UNDECLARED_SELECTOR = YES;
				GCC_WARN_UNINITIALIZED_AUTOS = YES_AGGRESSIVE;
				GCC_WARN_UNUSED_FUNCTION = YES;
				GCC_WARN_UNUSED_VARIABLE = YES;
				IPHONEOS_DEPLOYMENT_TARGET = 16.2;
				MTL_ENABLE_DEBUG_INFO = INCLUDE_SOURCE;
				MTL_FAST_MATH = YES;
				ONLY_ACTIVE_ARCH = YES;
				SDKROOT = iphoneos;
				SWIFT_ACTIVE_COMPILATION_CONDITIONS = DEBUG;
				SWIFT_OPTIMIZATION_LEVEL = "-Onone";
			};
			name = Debug;
		};
		65A370EB297E594600E1D851 /* Release */ = {
			isa = XCBuildConfiguration;
			buildSettings = {
				ALWAYS_SEARCH_USER_PATHS = NO;
				CLANG_ANALYZER_NONNULL = YES;
				CLANG_ANALYZER_NUMBER_OBJECT_CONVERSION = YES_AGGRESSIVE;
				CLANG_CXX_LANGUAGE_STANDARD = "gnu++20";
				CLANG_ENABLE_MODULES = YES;
				CLANG_ENABLE_OBJC_ARC = YES;
				CLANG_ENABLE_OBJC_WEAK = YES;
				CLANG_WARN_BLOCK_CAPTURE_AUTORELEASING = YES;
				CLANG_WARN_BOOL_CONVERSION = YES;
				CLANG_WARN_COMMA = YES;
				CLANG_WARN_CONSTANT_CONVERSION = YES;
				CLANG_WARN_DEPRECATED_OBJC_IMPLEMENTATIONS = YES;
				CLANG_WARN_DIRECT_OBJC_ISA_USAGE = YES_ERROR;
				CLANG_WARN_DOCUMENTATION_COMMENTS = YES;
				CLANG_WARN_EMPTY_BODY = YES;
				CLANG_WARN_ENUM_CONVERSION = YES;
				CLANG_WARN_INFINITE_RECURSION = YES;
				CLANG_WARN_INT_CONVERSION = YES;
				CLANG_WARN_NON_LITERAL_NULL_CONVERSION = YES;
				CLANG_WARN_OBJC_IMPLICIT_RETAIN_SELF = YES;
				CLANG_WARN_OBJC_LITERAL_CONVERSION = YES;
				CLANG_WARN_OBJC_ROOT_CLASS = YES_ERROR;
				CLANG_WARN_QUOTED_INCLUDE_IN_FRAMEWORK_HEADER = YES;
				CLANG_WARN_RANGE_LOOP_ANALYSIS = YES;
				CLANG_WARN_STRICT_PROTOTYPES = YES;
				CLANG_WARN_SUSPICIOUS_MOVE = YES;
				CLANG_WARN_UNGUARDED_AVAILABILITY = YES_AGGRESSIVE;
				CLANG_WARN_UNREACHABLE_CODE = YES;
				CLANG_WARN__DUPLICATE_METHOD_MATCH = YES;
				COPY_PHASE_STRIP = NO;
				DEBUG_INFORMATION_FORMAT = "dwarf-with-dsym";
				ENABLE_NS_ASSERTIONS = NO;
				ENABLE_STRICT_OBJC_MSGSEND = YES;
				GCC_C_LANGUAGE_STANDARD = gnu11;
				GCC_NO_COMMON_BLOCKS = YES;
				GCC_WARN_64_TO_32_BIT_CONVERSION = YES;
				GCC_WARN_ABOUT_RETURN_TYPE = YES_ERROR;
				GCC_WARN_UNDECLARED_SELECTOR = YES;
				GCC_WARN_UNINITIALIZED_AUTOS = YES_AGGRESSIVE;
				GCC_WARN_UNUSED_FUNCTION = YES;
				GCC_WARN_UNUSED_VARIABLE = YES;
				IPHONEOS_DEPLOYMENT_TARGET = 16.2;
				MTL_ENABLE_DEBUG_INFO = NO;
				MTL_FAST_MATH = YES;
				SDKROOT = iphoneos;
				SWIFT_COMPILATION_MODE = wholemodule;
				SWIFT_OPTIMIZATION_LEVEL = "-O";
				VALIDATE_PRODUCT = YES;
			};
			name = Release;
		};
		65A370ED297E594600E1D851 /* Debug */ = {
			isa = XCBuildConfiguration;
			buildSettings = {
				ASSETCATALOG_COMPILER_APPICON_NAME = AppIcon;
				ASSETCATALOG_COMPILER_GLOBAL_ACCENT_COLOR_NAME = AccentColor;
				CODE_SIGN_ENTITLEMENTS = Lynx/Lynx.entitlements;
				CODE_SIGN_IDENTITY = "Apple Development";
				CODE_SIGN_STYLE = Automatic;
				CURRENT_PROJECT_VERSION = 1;
				DEVELOPMENT_TEAM = T5V587BPQM;
				GENERATE_INFOPLIST_FILE = YES;
				INFOPLIST_FILE = Lynx/Info.plist;
				INFOPLIST_KEY_CFBundleDisplayName = Lynx;
				INFOPLIST_KEY_LSApplicationCategoryType = "public.app-category.sports";
				INFOPLIST_KEY_UIApplicationSupportsIndirectInputEvents = YES;
				INFOPLIST_KEY_UILaunchStoryboardName = LaunchScreen;
				INFOPLIST_KEY_UIMainStoryboardFile = Main;
				INFOPLIST_KEY_UISupportedInterfaceOrientations = UIInterfaceOrientationPortrait;
				INFOPLIST_KEY_UISupportedInterfaceOrientations_iPad = "UIInterfaceOrientationLandscapeLeft UIInterfaceOrientationLandscapeRight UIInterfaceOrientationPortrait UIInterfaceOrientationPortraitUpsideDown";
				IPHONEOS_DEPLOYMENT_TARGET = 16.4;
				LD_RUNPATH_SEARCH_PATHS = (
					"$(inherited)",
					"@executable_path/Frameworks",
				);
				MARKETING_VERSION = 1.1.0;
				PRODUCT_BUNDLE_IDENTIFIER = com.matthewfernst.Lynx;
				PRODUCT_NAME = "$(TARGET_NAME)";
				PROVISIONING_PROFILE_SPECIFIER = "";
				SUPPORTED_PLATFORMS = "iphoneos iphonesimulator";
				SUPPORTS_MACCATALYST = NO;
				SUPPORTS_MAC_DESIGNED_FOR_IPHONE_IPAD = NO;
				SWIFT_EMIT_LOC_STRINGS = YES;
				SWIFT_VERSION = 5.0;
				TARGETED_DEVICE_FAMILY = 1;
			};
			name = Debug;
		};
		65A370EE297E594600E1D851 /* Release */ = {
			isa = XCBuildConfiguration;
			buildSettings = {
				ASSETCATALOG_COMPILER_APPICON_NAME = AppIcon;
				ASSETCATALOG_COMPILER_GLOBAL_ACCENT_COLOR_NAME = AccentColor;
				CODE_SIGN_ENTITLEMENTS = Lynx/Lynx.entitlements;
				CODE_SIGN_IDENTITY = "Apple Development";
				CODE_SIGN_STYLE = Automatic;
				CURRENT_PROJECT_VERSION = 1;
				DEVELOPMENT_TEAM = T5V587BPQM;
				GENERATE_INFOPLIST_FILE = YES;
				INFOPLIST_FILE = Lynx/Info.plist;
				INFOPLIST_KEY_CFBundleDisplayName = Lynx;
				INFOPLIST_KEY_LSApplicationCategoryType = "public.app-category.sports";
				INFOPLIST_KEY_UIApplicationSupportsIndirectInputEvents = YES;
				INFOPLIST_KEY_UILaunchStoryboardName = LaunchScreen;
				INFOPLIST_KEY_UIMainStoryboardFile = Main;
				INFOPLIST_KEY_UISupportedInterfaceOrientations = UIInterfaceOrientationPortrait;
				INFOPLIST_KEY_UISupportedInterfaceOrientations_iPad = "UIInterfaceOrientationLandscapeLeft UIInterfaceOrientationLandscapeRight UIInterfaceOrientationPortrait UIInterfaceOrientationPortraitUpsideDown";
				IPHONEOS_DEPLOYMENT_TARGET = 16.4;
				LD_RUNPATH_SEARCH_PATHS = (
					"$(inherited)",
					"@executable_path/Frameworks",
				);
				MARKETING_VERSION = 1.1.0;
				PRODUCT_BUNDLE_IDENTIFIER = com.matthewfernst.Lynx;
				PRODUCT_NAME = "$(TARGET_NAME)";
				PROVISIONING_PROFILE_SPECIFIER = "";
				SUPPORTED_PLATFORMS = "iphoneos iphonesimulator";
				SUPPORTS_MACCATALYST = NO;
				SUPPORTS_MAC_DESIGNED_FOR_IPHONE_IPAD = NO;
				SWIFT_EMIT_LOC_STRINGS = YES;
				SWIFT_VERSION = 5.0;
				TARGETED_DEVICE_FAMILY = 1;
			};
			name = Release;
		};
/* End XCBuildConfiguration section */

/* Begin XCConfigurationList section */
		65A370D3297E594500E1D851 /* Build configuration list for PBXProject "Lynx" */ = {
			isa = XCConfigurationList;
			buildConfigurations = (
				65A370EA297E594600E1D851 /* Debug */,
				65A370EB297E594600E1D851 /* Release */,
			);
			defaultConfigurationIsVisible = 0;
			defaultConfigurationName = Release;
		};
		65A370EC297E594600E1D851 /* Build configuration list for PBXNativeTarget "Lynx" */ = {
			isa = XCConfigurationList;
			buildConfigurations = (
				65A370ED297E594600E1D851 /* Debug */,
				65A370EE297E594600E1D851 /* Release */,
			);
			defaultConfigurationIsVisible = 0;
			defaultConfigurationName = Release;
		};
/* End XCConfigurationList section */

/* Begin XCRemoteSwiftPackageReference section */
		65A4B8192A58960300BC2299 /* XCRemoteSwiftPackageReference "GoogleSignIn-iOS" */ = {
			isa = XCRemoteSwiftPackageReference;
			repositoryURL = "https://github.com/google/GoogleSignIn-iOS";
			requirement = {
				kind = upToNextMajorVersion;
				minimumVersion = 7.0.0;
			};
		};
		65A4B81E2A58961600BC2299 /* XCRemoteSwiftPackageReference "TOCropViewController" */ = {
			isa = XCRemoteSwiftPackageReference;
			repositoryURL = "https://github.com/TimOliver/TOCropViewController";
			requirement = {
				kind = upToNextMajorVersion;
				minimumVersion = 2.0.0;
			};
		};
		65A4B8232A58966600BC2299 /* XCRemoteSwiftPackageReference "apollo-ios" */ = {
			isa = XCRemoteSwiftPackageReference;
			repositoryURL = "https://github.com/apollographql/apollo-ios.git";
			requirement = {
				kind = exactVersion;
				version = 1.1.2;
			};
		};
/* End XCRemoteSwiftPackageReference section */

/* Begin XCSwiftPackageProductDependency section */
		65A4B81A2A58960300BC2299 /* GoogleSignIn */ = {
			isa = XCSwiftPackageProductDependency;
			package = 65A4B8192A58960300BC2299 /* XCRemoteSwiftPackageReference "GoogleSignIn-iOS" */;
			productName = GoogleSignIn;
		};
		65A4B81C2A58960300BC2299 /* GoogleSignInSwift */ = {
			isa = XCSwiftPackageProductDependency;
			package = 65A4B8192A58960300BC2299 /* XCRemoteSwiftPackageReference "GoogleSignIn-iOS" */;
			productName = GoogleSignInSwift;
		};
		65A4B81F2A58961600BC2299 /* CropViewController */ = {
			isa = XCSwiftPackageProductDependency;
			package = 65A4B81E2A58961600BC2299 /* XCRemoteSwiftPackageReference "TOCropViewController" */;
			productName = CropViewController;
		};
		65A4B8212A58961600BC2299 /* TOCropViewController */ = {
			isa = XCSwiftPackageProductDependency;
			package = 65A4B81E2A58961600BC2299 /* XCRemoteSwiftPackageReference "TOCropViewController" */;
			productName = TOCropViewController;
		};
		65A4B8242A58966600BC2299 /* Apollo */ = {
			isa = XCSwiftPackageProductDependency;
			package = 65A4B8232A58966600BC2299 /* XCRemoteSwiftPackageReference "apollo-ios" */;
			productName = Apollo;
		};
/* End XCSwiftPackageProductDependency section */
	};
	rootObject = 65A370D0297E594500E1D851 /* Project object */;
}
